
Microsoft Visual Studio Solution File, Format Version 12.00
# Visual Studio Version 16
VisualStudioVersion = 16.0.32002.261
MinimumVisualStudioVersion = 10.0.40219.1
Project("{FAE04EC0-301F-11D3-BF4B-00C04F79EFBC}") = "TestletRandomizer.BL", "TestletRandomizer.BL\TestletRandomizer.BL.csproj", "{F7B882E2-742D-49A0-A243-3DE5E8CF7CB1}"
EndProject
Project("{FAE04EC0-301F-11D3-BF4B-00C04F79EFBC}") = "TestletRandomizer.BL.Interfaces", "TestletRandomizer.BL.Interfaces\TestletRandomizer.BL.Interfaces.csproj", "{0CAB2FB7-CA1F-477C-98CB-930035983850}"
EndProject
Project("{FAE04EC0-301F-11D3-BF4B-00C04F79EFBC}") = "TestletRandomizer.Model", "TestletRandomizer.Model\TestletRandomizer.Model.csproj", "{6AC83B34-6443-4B7F-8C87-B915353645BC}"
EndProject
Project("{FAE04EC0-301F-11D3-BF4B-00C04F79EFBC}") = "TestletRandomizer.Tests", "TestletRandomizer.Tests\TestletRandomizer.Tests.csproj", "{F4367658-91A8-461A-95EB-0F936A99B42D}"
EndProject
Global
	GlobalSection(SolutionConfigurationPlatforms) = preSolution
		Debug|Any CPU = Debug|Any CPU
		Release|Any CPU = Release|Any CPU
	EndGlobalSection
	GlobalSection(ProjectConfigurationPlatforms) = postSolution
		{F7B882E2-742D-49A0-A243-3DE5E8CF7CB1}.Debug|Any CPU.ActiveCfg = Debug|Any CPU
		{F7B882E2-742D-49A0-A243-3DE5E8CF7CB1}.Debug|Any CPU.Build.0 = Debug|Any CPU
		{F7B882E2-742D-49A0-A243-3DE5E8CF7CB1}.Release|Any CPU.ActiveCfg = Release|Any CPU
		{F7B882E2-742D-49A0-A243-3DE5E8CF7CB1}.Release|Any CPU.Build.0 = Release|Any CPU
		{0CAB2FB7-CA1F-477C-98CB-930035983850}.Debug|Any CPU.ActiveCfg = Debug|Any CPU
		{0CAB2FB7-CA1F-477C-98CB-930035983850}.Debug|Any CPU.Build.0 = Debug|Any CPU
		{0CAB2FB7-CA1F-477C-98CB-930035983850}.Release|Any CPU.ActiveCfg = Release|Any CPU
		{0CAB2FB7-CA1F-477C-98CB-930035983850}.Release|Any CPU.Build.0 = Release|Any CPU
		{6AC83B34-6443-4B7F-8C87-B915353645BC}.Debug|Any CPU.ActiveCfg = Debug|Any CPU
		{6AC83B34-6443-4B7F-8C87-B915353645BC}.Debug|Any CPU.Build.0 = Debug|Any CPU
		{6AC83B34-6443-4B7F-8C87-B915353645BC}.Release|Any CPU.ActiveCfg = Release|Any CPU
		{6AC83B34-6443-4B7F-8C87-B915353645BC}.Release|Any CPU.Build.0 = Release|Any CPU
		{F4367658-91A8-461A-95EB-0F936A99B42D}.Debug|Any CPU.ActiveCfg = Debug|Any CPU
		{F4367658-91A8-461A-95EB-0F936A99B42D}.Debug|Any CPU.Build.0 = Debug|Any CPU
		{F4367658-91A8-461A-95EB-0F936A99B42D}.Release|Any CPU.ActiveCfg = Release|Any CPU
		{F4367658-91A8-461A-95EB-0F936A99B42D}.Release|Any CPU.Build.0 = Release|Any CPU
	EndGlobalSection
	GlobalSection(SolutionProperties) = preSolution
		HideSolutionNode = FALSE
	EndGlobalSection
	GlobalSection(ExtensibilityGlobals) = postSolution
		SolutionGuid = {471B8966-B569-49DB-9D67-9EDEC9E49266}
	EndGlobalSection
EndGlobal
